
Microsoft Visual Studio Solution File, Format Version 12.00
# Visual Studio Version 17
VisualStudioVersion = 17.2.32526.322
MinimumVisualStudioVersion = 10.0.40219.1
Project("{FAE04EC0-301F-11D3-BF4B-00C04F79EFBC}") = "Day8Assignment", "Day8Assignment\Day8Assignment.csproj", "{155289E1-CAF0-4D17-97E9-8B54EECD7F71}"
EndProject
Global
	GlobalSection(SolutionConfigurationPlatforms) = preSolution
		Debug|Any CPU = Debug|Any CPU
		Release|Any CPU = Release|Any CPU
	EndGlobalSection
	GlobalSection(ProjectConfigurationPlatforms) = postSolution
		{155289E1-CAF0-4D17-97E9-8B54EECD7F71}.Debug|Any CPU.ActiveCfg = Debug|Any CPU
		{155289E1-CAF0-4D17-97E9-8B54EECD7F71}.Debug|Any CPU.Build.0 = Debug|Any CPU
		{155289E1-CAF0-4D17-97E9-8B54EECD7F71}.Release|Any CPU.ActiveCfg = Release|Any CPU
		{155289E1-CAF0-4D17-97E9-8B54EECD7F71}.Release|Any CPU.Build.0 = Release|Any CPU
	EndGlobalSection
	GlobalSection(SolutionProperties) = preSolution
		HideSolutionNode = FALSE
	EndGlobalSection
	GlobalSection(ExtensibilityGlobals) = postSolution
		SolutionGuid = {2CFD9EA5-AAB5-4A9A-A771-E38622C62CA2}
	EndGlobalSection
EndGlobal
